// !$*UTF8*$!
{
	archiveVersion = 1;
	classes = {
	};
	objectVersion = 46;
	objects = {

/* Begin PBXBuildFile section */
		009F43321E7D26D30085C680 /* AppDelegate.swift in Sources */ = {isa = PBXBuildFile; fileRef = 009F43311E7D26D30085C680 /* AppDelegate.swift */; };
		009F43341E7D26D30085C680 /* ViewController.swift in Sources */ = {isa = PBXBuildFile; fileRef = 009F43331E7D26D30085C680 /* ViewController.swift */; };
		009F43371E7D26D30085C680 /* Main.storyboard in Resources */ = {isa = PBXBuildFile; fileRef = 009F43351E7D26D30085C680 /* Main.storyboard */; };
		009F433A1E7D26D30085C680 /* ContactTones.xcdatamodeld in Sources */ = {isa = PBXBuildFile; fileRef = 009F43381E7D26D30085C680 /* ContactTones.xcdatamodeld */; };
		009F433C1E7D26D30085C680 /* Assets.xcassets in Resources */ = {isa = PBXBuildFile; fileRef = 009F433B1E7D26D30085C680 /* Assets.xcassets */; };
		009F433F1E7D26D30085C680 /* LaunchScreen.storyboard in Resources */ = {isa = PBXBuildFile; fileRef = 009F433D1E7D26D30085C680 /* LaunchScreen.storyboard */; };
		009F434A1E7D26D30085C680 /* ContactTonesTests.swift in Sources */ = {isa = PBXBuildFile; fileRef = 009F43491E7D26D30085C680 /* ContactTonesTests.swift */; };
		009F43551E7D26D30085C680 /* ContactTonesUITests.swift in Sources */ = {isa = PBXBuildFile; fileRef = 009F43541E7D26D30085C680 /* ContactTonesUITests.swift */; };
		009F43631E7D89A60085C680 /* AddContactViewController.swift in Sources */ = {isa = PBXBuildFile; fileRef = 009F43621E7D89A60085C680 /* AddContactViewController.swift */; };
		009F43651E7D8A450085C680 /* CreateContactViewController.swift in Sources */ = {isa = PBXBuildFile; fileRef = 009F43641E7D8A450085C680 /* CreateContactViewController.swift */; };
		009F43671E7D8A9C0085C680 /* ContactCell.swift in Sources */ = {isa = PBXBuildFile; fileRef = 009F43661E7D8A9C0085C680 /* ContactCell.swift */; };
		009F43691E7DA8250085C680 /* ContactCell.xib in Resources */ = {isa = PBXBuildFile; fileRef = 009F43681E7DA8250085C680 /* ContactCell.xib */; };
/* End PBXBuildFile section */

/* Begin PBXContainerItemProxy section */
		009F43461E7D26D30085C680 /* PBXContainerItemProxy */ = {
			isa = PBXContainerItemProxy;
			containerPortal = 009F43261E7D26D30085C680 /* Project object */;
			proxyType = 1;
			remoteGlobalIDString = 009F432D1E7D26D30085C680;
			remoteInfo = ContactTones;
		};
		009F43511E7D26D30085C680 /* PBXContainerItemProxy */ = {
			isa = PBXContainerItemProxy;
			containerPortal = 009F43261E7D26D30085C680 /* Project object */;
			proxyType = 1;
			remoteGlobalIDString = 009F432D1E7D26D30085C680;
			remoteInfo = ContactTones;
		};
/* End PBXContainerItemProxy section */

/* Begin PBXFileReference section */
		009F432E1E7D26D30085C680 /* ContactTones.app */ = {isa = PBXFileReference; explicitFileType = wrapper.application; includeInIndex = 0; path = ContactTones.app; sourceTree = BUILT_PRODUCTS_DIR; };
		009F43311E7D26D30085C680 /* AppDelegate.swift */ = {isa = PBXFileReference; lastKnownFileType = sourcecode.swift; path = AppDelegate.swift; sourceTree = "<group>"; };
		009F43331E7D26D30085C680 /* ViewController.swift */ = {isa = PBXFileReference; lastKnownFileType = sourcecode.swift; path = ViewController.swift; sourceTree = "<group>"; };
		009F43361E7D26D30085C680 /* Base */ = {isa = PBXFileReference; lastKnownFileType = file.storyboard; name = Base; path = Base.lproj/Main.storyboard; sourceTree = "<group>"; };
		009F43391E7D26D30085C680 /* ContactTones.xcdatamodel */ = {isa = PBXFileReference; lastKnownFileType = wrapper.xcdatamodel; path = ContactTones.xcdatamodel; sourceTree = "<group>"; };
		009F433B1E7D26D30085C680 /* Assets.xcassets */ = {isa = PBXFileReference; lastKnownFileType = folder.assetcatalog; path = Assets.xcassets; sourceTree = "<group>"; };
		009F433E1E7D26D30085C680 /* Base */ = {isa = PBXFileReference; lastKnownFileType = file.storyboard; name = Base; path = Base.lproj/LaunchScreen.storyboard; sourceTree = "<group>"; };
		009F43401E7D26D30085C680 /* Info.plist */ = {isa = PBXFileReference; lastKnownFileType = text.plist.xml; path = Info.plist; sourceTree = "<group>"; };
		009F43451E7D26D30085C680 /* ContactTonesTests.xctest */ = {isa = PBXFileReference; explicitFileType = wrapper.cfbundle; includeInIndex = 0; path = ContactTonesTests.xctest; sourceTree = BUILT_PRODUCTS_DIR; };
		009F43491E7D26D30085C680 /* ContactTonesTests.swift */ = {isa = PBXFileReference; lastKnownFileType = sourcecode.swift; path = ContactTonesTests.swift; sourceTree = "<group>"; };
		009F434B1E7D26D30085C680 /* Info.plist */ = {isa = PBXFileReference; lastKnownFileType = text.plist.xml; path = Info.plist; sourceTree = "<group>"; };
		009F43501E7D26D30085C680 /* ContactTonesUITests.xctest */ = {isa = PBXFileReference; explicitFileType = wrapper.cfbundle; includeInIndex = 0; path = ContactTonesUITests.xctest; sourceTree = BUILT_PRODUCTS_DIR; };
		009F43541E7D26D30085C680 /* ContactTonesUITests.swift */ = {isa = PBXFileReference; lastKnownFileType = sourcecode.swift; path = ContactTonesUITests.swift; sourceTree = "<group>"; };
		009F43561E7D26D30085C680 /* Info.plist */ = {isa = PBXFileReference; lastKnownFileType = text.plist.xml; path = Info.plist; sourceTree = "<group>"; };
		009F43621E7D89A60085C680 /* AddContactViewController.swift */ = {isa = PBXFileReference; fileEncoding = 4; lastKnownFileType = sourcecode.swift; path = AddContactViewController.swift; sourceTree = "<group>"; };
		009F43641E7D8A450085C680 /* CreateContactViewController.swift */ = {isa = PBXFileReference; fileEncoding = 4; lastKnownFileType = sourcecode.swift; path = CreateContactViewController.swift; sourceTree = "<group>"; };
		009F43661E7D8A9C0085C680 /* ContactCell.swift */ = {isa = PBXFileReference; fileEncoding = 4; lastKnownFileType = sourcecode.swift; path = ContactCell.swift; sourceTree = "<group>"; };
		009F43681E7DA8250085C680 /* ContactCell.xib */ = {isa = PBXFileReference; fileEncoding = 4; lastKnownFileType = file.xib; path = ContactCell.xib; sourceTree = "<group>"; };
/* End PBXFileReference section */

/* Begin PBXFrameworksBuildPhase section */
		009F432B1E7D26D30085C680 /* Frameworks */ = {
			isa = PBXFrameworksBuildPhase;
			buildActionMask = 2147483647;
			files = (
			);
			runOnlyForDeploymentPostprocessing = 0;
		};
		009F43421E7D26D30085C680 /* Frameworks */ = {
			isa = PBXFrameworksBuildPhase;
			buildActionMask = 2147483647;
			files = (
			);
			runOnlyForDeploymentPostprocessing = 0;
		};
		009F434D1E7D26D30085C680 /* Frameworks */ = {
			isa = PBXFrameworksBuildPhase;
			buildActionMask = 2147483647;
			files = (
			);
			runOnlyForDeploymentPostprocessing = 0;
		};
/* End PBXFrameworksBuildPhase section */

/* Begin PBXGroup section */
		009F43251E7D26D30085C680 = {
			isa = PBXGroup;
			children = (
				009F43301E7D26D30085C680 /* ContactTones */,
				009F43481E7D26D30085C680 /* ContactTonesTests */,
				009F43531E7D26D30085C680 /* ContactTonesUITests */,
				009F432F1E7D26D30085C680 /* Products */,
			);
			sourceTree = "<group>";
		};
		009F432F1E7D26D30085C680 /* Products */ = {
			isa = PBXGroup;
			children = (
				009F432E1E7D26D30085C680 /* ContactTones.app */,
				009F43451E7D26D30085C680 /* ContactTonesTests.xctest */,
				009F43501E7D26D30085C680 /* ContactTonesUITests.xctest */,
			);
			name = Products;
			sourceTree = "<group>";
		};
		009F43301E7D26D30085C680 /* ContactTones */ = {
			isa = PBXGroup;
			children = (
				009F43401E7D26D30085C680 /* Info.plist */,
				009F43311E7D26D30085C680 /* AppDelegate.swift */,
				009F43331E7D26D30085C680 /* ViewController.swift */,
				009F43621E7D89A60085C680 /* AddContactViewController.swift */,
				009F43641E7D8A450085C680 /* CreateContactViewController.swift */,
				009F43661E7D8A9C0085C680 /* ContactCell.swift */,
				009F433B1E7D26D30085C680 /* Assets.xcassets */,
				009F43381E7D26D30085C680 /* ContactTones.xcdatamodeld */,
				009F433D1E7D26D30085C680 /* LaunchScreen.storyboard */,
				009F43351E7D26D30085C680 /* Main.storyboard */,
				009F43681E7DA8250085C680 /* ContactCell.xib */,
			);
			path = ContactTones;
			sourceTree = "<group>";
		};
		009F43481E7D26D30085C680 /* ContactTonesTests */ = {
			isa = PBXGroup;
			children = (
				009F43491E7D26D30085C680 /* ContactTonesTests.swift */,
				009F434B1E7D26D30085C680 /* Info.plist */,
			);
			path = ContactTonesTests;
			sourceTree = "<group>";
		};
		009F43531E7D26D30085C680 /* ContactTonesUITests */ = {
			isa = PBXGroup;
			children = (
				009F43541E7D26D30085C680 /* ContactTonesUITests.swift */,
				009F43561E7D26D30085C680 /* Info.plist */,
			);
			path = ContactTonesUITests;
			sourceTree = "<group>";
		};
/* End PBXGroup section */

/* Begin PBXNativeTarget section */
		009F432D1E7D26D30085C680 /* ContactTones */ = {
			isa = PBXNativeTarget;
			buildConfigurationList = 009F43591E7D26D30085C680 /* Build configuration list for PBXNativeTarget "ContactTones" */;
			buildPhases = (
				009F432A1E7D26D30085C680 /* Sources */,
				009F432B1E7D26D30085C680 /* Frameworks */,
				009F432C1E7D26D30085C680 /* Resources */,
			);
			buildRules = (
			);
			dependencies = (
			);
			name = ContactTones;
			productName = ContactTones;
			productReference = 009F432E1E7D26D30085C680 /* ContactTones.app */;
			productType = "com.apple.product-type.application";
		};
		009F43441E7D26D30085C680 /* ContactTonesTests */ = {
			isa = PBXNativeTarget;
			buildConfigurationList = 009F435C1E7D26D30085C680 /* Build configuration list for PBXNativeTarget "ContactTonesTests" */;
			buildPhases = (
				009F43411E7D26D30085C680 /* Sources */,
				009F43421E7D26D30085C680 /* Frameworks */,
				009F43431E7D26D30085C680 /* Resources */,
			);
			buildRules = (
			);
			dependencies = (
				009F43471E7D26D30085C680 /* PBXTargetDependency */,
			);
			name = ContactTonesTests;
			productName = ContactTonesTests;
			productReference = 009F43451E7D26D30085C680 /* ContactTonesTests.xctest */;
			productType = "com.apple.product-type.bundle.unit-test";
		};
		009F434F1E7D26D30085C680 /* ContactTonesUITests */ = {
			isa = PBXNativeTarget;
			buildConfigurationList = 009F435F1E7D26D30085C680 /* Build configuration list for PBXNativeTarget "ContactTonesUITests" */;
			buildPhases = (
				009F434C1E7D26D30085C680 /* Sources */,
				009F434D1E7D26D30085C680 /* Frameworks */,
				009F434E1E7D26D30085C680 /* Resources */,
			);
			buildRules = (
			);
			dependencies = (
				009F43521E7D26D30085C680 /* PBXTargetDependency */,
			);
			name = ContactTonesUITests;
			productName = ContactTonesUITests;
			productReference = 009F43501E7D26D30085C680 /* ContactTonesUITests.xctest */;
			productType = "com.apple.product-type.bundle.ui-testing";
		};
/* End PBXNativeTarget section */

/* Begin PBXProject section */
		009F43261E7D26D30085C680 /* Project object */ = {
			isa = PBXProject;
			attributes = {
				LastSwiftUpdateCheck = 0820;
				LastUpgradeCheck = 0820;
				ORGANIZATIONNAME = Deepak;
				TargetAttributes = {
					009F432D1E7D26D30085C680 = {
						CreatedOnToolsVersion = 8.2.1;
						ProvisioningStyle = Automatic;
					};
					009F43441E7D26D30085C680 = {
						CreatedOnToolsVersion = 8.2.1;
						ProvisioningStyle = Automatic;
						TestTargetID = 009F432D1E7D26D30085C680;
					};
					009F434F1E7D26D30085C680 = {
						CreatedOnToolsVersion = 8.2.1;
						ProvisioningStyle = Automatic;
						TestTargetID = 009F432D1E7D26D30085C680;
					};
				};
			};
			buildConfigurationList = 009F43291E7D26D30085C680 /* Build configuration list for PBXProject "ContactTones" */;
			compatibilityVersion = "Xcode 3.2";
			developmentRegion = English;
			hasScannedForEncodings = 0;
			knownRegions = (
				en,
				Base,
			);
			mainGroup = 009F43251E7D26D30085C680;
			productRefGroup = 009F432F1E7D26D30085C680 /* Products */;
			projectDirPath = "";
			projectRoot = "";
			targets = (
				009F432D1E7D26D30085C680 /* ContactTones */,
				009F43441E7D26D30085C680 /* ContactTonesTests */,
				009F434F1E7D26D30085C680 /* ContactTonesUITests */,
			);
		};
/* End PBXProject section */

/* Begin PBXResourcesBuildPhase section */
		009F432C1E7D26D30085C680 /* Resources */ = {
			isa = PBXResourcesBuildPhase;
			buildActionMask = 2147483647;
			files = (
				009F433F1E7D26D30085C680 /* LaunchScreen.storyboard in Resources */,
				009F433C1E7D26D30085C680 /* Assets.xcassets in Resources */,
				009F43371E7D26D30085C680 /* Main.storyboard in Resources */,
				009F43691E7DA8250085C680 /* ContactCell.xib in Resources */,
			);
			runOnlyForDeploymentPostprocessing = 0;
		};
		009F43431E7D26D30085C680 /* Resources */ = {
			isa = PBXResourcesBuildPhase;
			buildActionMask = 2147483647;
			files = (
			);
			runOnlyForDeploymentPostprocessing = 0;
		};
		009F434E1E7D26D30085C680 /* Resources */ = {
			isa = PBXResourcesBuildPhase;
			buildActionMask = 2147483647;
			files = (
			);
			runOnlyForDeploymentPostprocessing = 0;
		};
/* End PBXResourcesBuildPhase section */

/* Begin PBXSourcesBuildPhase section */
		009F432A1E7D26D30085C680 /* Sources */ = {
			isa = PBXSourcesBuildPhase;
			buildActionMask = 2147483647;
			files = (
				009F43671E7D8A9C0085C680 /* ContactCell.swift in Sources */,
				009F433A1E7D26D30085C680 /* ContactTones.xcdatamodeld in Sources */,
				009F43631E7D89A60085C680 /* AddContactViewController.swift in Sources */,
				009F43651E7D8A450085C680 /* CreateContactViewController.swift in Sources */,
				009F43341E7D26D30085C680 /* ViewController.swift in Sources */,
				009F43321E7D26D30085C680 /* AppDelegate.swift in Sources */,
			);
			runOnlyForDeploymentPostprocessing = 0;
		};
		009F43411E7D26D30085C680 /* Sources */ = {
			isa = PBXSourcesBuildPhase;
			buildActionMask = 2147483647;
			files = (
				009F434A1E7D26D30085C680 /* ContactTonesTests.swift in Sources */,
			);
			runOnlyForDeploymentPostprocessing = 0;
		};
		009F434C1E7D26D30085C680 /* Sources */ = {
			isa = PBXSourcesBuildPhase;
			buildActionMask = 2147483647;
			files = (
				009F43551E7D26D30085C680 /* ContactTonesUITests.swift in Sources */,
			);
			runOnlyForDeploymentPostprocessing = 0;
		};
/* End PBXSourcesBuildPhase section */

/* Begin PBXTargetDependency section */
		009F43471E7D26D30085C680 /* PBXTargetDependency */ = {
			isa = PBXTargetDependency;
			target = 009F432D1E7D26D30085C680 /* ContactTones */;
			targetProxy = 009F43461E7D26D30085C680 /* PBXContainerItemProxy */;
		};
		009F43521E7D26D30085C680 /* PBXTargetDependency */ = {
			isa = PBXTargetDependency;
			target = 009F432D1E7D26D30085C680 /* ContactTones */;
			targetProxy = 009F43511E7D26D30085C680 /* PBXContainerItemProxy */;
		};
/* End PBXTargetDependency section */

/* Begin PBXVariantGroup section */
		009F43351E7D26D30085C680 /* Main.storyboard */ = {
			isa = PBXVariantGroup;
			children = (
				009F43361E7D26D30085C680 /* Base */,
			);
			name = Main.storyboard;
			sourceTree = "<group>";
		};
		009F433D1E7D26D30085C680 /* LaunchScreen.storyboard */ = {
			isa = PBXVariantGroup;
			children = (
				009F433E1E7D26D30085C680 /* Base */,
			);
			name = LaunchScreen.storyboard;
			sourceTree = "<group>";
		};
/* End PBXVariantGroup section */

/* Begin XCBuildConfiguration section */
		009F43571E7D26D30085C680 /* Debug */ = {
			isa = XCBuildConfiguration;
			buildSettings = {
				ALWAYS_SEARCH_USER_PATHS = NO;
				CLANG_ANALYZER_NONNULL = YES;
				CLANG_CXX_LANGUAGE_STANDARD = "gnu++0x";
				CLANG_CXX_LIBRARY = "libc++";
				CLANG_ENABLE_MODULES = YES;
				CLANG_ENABLE_OBJC_ARC = YES;
				CLANG_WARN_BOOL_CONVERSION = YES;
				CLANG_WARN_CONSTANT_CONVERSION = YES;
				CLANG_WARN_DIRECT_OBJC_ISA_USAGE = YES_ERROR;
				CLANG_WARN_DOCUMENTATION_COMMENTS = YES;
				CLANG_WARN_EMPTY_BODY = YES;
				CLANG_WARN_ENUM_CONVERSION = YES;
				CLANG_WARN_INFINITE_RECURSION = YES;
				CLANG_WARN_INT_CONVERSION = YES;
				CLANG_WARN_OBJC_ROOT_CLASS = YES_ERROR;
				CLANG_WARN_SUSPICIOUS_MOVE = YES;
				CLANG_WARN_UNREACHABLE_CODE = YES;
				CLANG_WARN__DUPLICATE_METHOD_MATCH = YES;
				"CODE_SIGN_IDENTITY[sdk=iphoneos*]" = "iPhone Developer";
				COPY_PHASE_STRIP = NO;
				DEBUG_INFORMATION_FORMAT = dwarf;
				ENABLE_STRICT_OBJC_MSGSEND = YES;
				ENABLE_TESTABILITY = YES;
				GCC_C_LANGUAGE_STANDARD = gnu99;
				GCC_DYNAMIC_NO_PIC = NO;
				GCC_NO_COMMON_BLOCKS = YES;
				GCC_OPTIMIZATION_LEVEL = 0;
				GCC_PREPROCESSOR_DEFINITIONS = (
					"DEBUG=1",
					"$(inherited)",
				);
				GCC_WARN_64_TO_32_BIT_CONVERSION = YES;
				GCC_WARN_ABOUT_RETURN_TYPE = YES_ERROR;
				GCC_WARN_UNDECLARED_SELECTOR = YES;
				GCC_WARN_UNINITIALIZED_AUTOS = YES_AGGRESSIVE;
				GCC_WARN_UNUSED_FUNCTION = YES;
				GCC_WARN_UNUSED_VARIABLE = YES;
				IPHONEOS_DEPLOYMENT_TARGET = 10.2;
				MTL_ENABLE_DEBUG_INFO = YES;
				ONLY_ACTIVE_ARCH = YES;
				SDKROOT = iphoneos;
				SWIFT_ACTIVE_COMPILATION_CONDITIONS = DEBUG;
				SWIFT_OPTIMIZATION_LEVEL = "-Onone";
				TARGETED_DEVICE_FAMILY = "1,2";
			};
			name = Debug;
		};
		009F43581E7D26D30085C680 /* Release */ = {
			isa = XCBuildConfiguration;
			buildSettings = {
				ALWAYS_SEARCH_USER_PATHS = NO;
				CLANG_ANALYZER_NONNULL = YES;
				CLANG_CXX_LANGUAGE_STANDARD = "gnu++0x";
				CLANG_CXX_LIBRARY = "libc++";
				CLANG_ENABLE_MODULES = YES;
				CLANG_ENABLE_OBJC_ARC = YES;
				CLANG_WARN_BOOL_CONVERSION = YES;
				CLANG_WARN_CONSTANT_CONVERSION = YES;
				CLANG_WARN_DIRECT_OBJC_ISA_USAGE = YES_ERROR;
				CLANG_WARN_DOCUMENTATION_COMMENTS = YES;
				CLANG_WARN_EMPTY_BODY = YES;
				CLANG_WARN_ENUM_CONVERSION = YES;
				CLANG_WARN_INFINITE_RECURSION = YES;
				CLANG_WARN_INT_CONVERSION = YES;
				CLANG_WARN_OBJC_ROOT_CLASS = YES_ERROR;
				CLANG_WARN_SUSPICIOUS_MOVE = YES;
				CLANG_WARN_UNREACHABLE_CODE = YES;
				CLANG_WARN__DUPLICATE_METHOD_MATCH = YES;
				"CODE_SIGN_IDENTITY[sdk=iphoneos*]" = "iPhone Developer";
				COPY_PHASE_STRIP = NO;
				DEBUG_INFORMATION_FORMAT = "dwarf-with-dsym";
				ENABLE_NS_ASSERTIONS = NO;
				ENABLE_STRICT_OBJC_MSGSEND = YES;
				GCC_C_LANGUAGE_STANDARD = gnu99;
				GCC_NO_COMMON_BLOCKS = YES;
				GCC_WARN_64_TO_32_BIT_CONVERSION = YES;
				GCC_WARN_ABOUT_RETURN_TYPE = YES_ERROR;
				GCC_WARN_UNDECLARED_SELECTOR = YES;
				GCC_WARN_UNINITIALIZED_AUTOS = YES_AGGRESSIVE;
				GCC_WARN_UNUSED_FUNCTION = YES;
				GCC_WARN_UNUSED_VARIABLE = YES;
				IPHONEOS_DEPLOYMENT_TARGET = 10.2;
				MTL_ENABLE_DEBUG_INFO = NO;
				SDKROOT = iphoneos;
				SWIFT_OPTIMIZATION_LEVEL = "-Owholemodule";
				TARGETED_DEVICE_FAMILY = "1,2";
				VALIDATE_PRODUCT = YES;
			};
			name = Release;
		};
		009F435A1E7D26D30085C680 /* Debug */ = {
			isa = XCBuildConfiguration;
			buildSettings = {
				ASSETCATALOG_COMPILER_APPICON_NAME = AppIcon;
				INFOPLIST_FILE = ContactTones/Info.plist;
				LD_RUNPATH_SEARCH_PATHS = "$(inherited) @executable_path/Frameworks";
				PRODUCT_BUNDLE_IDENTIFIER = com.deepak.ContactTones;
				PRODUCT_NAME = "$(TARGET_NAME)";
				SWIFT_VERSION = 3.0;
			};
			name = Debug;
		};
		009F435B1E7D26D30085C680 /* Release */ = {
			isa = XCBuildConfiguration;
			buildSettings = {
				ASSETCATALOG_COMPILER_APPICON_NAME = AppIcon;
				INFOPLIST_FILE = ContactTones/Info.plist;
				LD_RUNPATH_SEARCH_PATHS = "$(inherited) @executable_path/Frameworks";
				PRODUCT_BUNDLE_IDENTIFIER = com.deepak.ContactTones;
				PRODUCT_NAME = "$(TARGET_NAME)";
				SWIFT_VERSION = 3.0;
			};
			name = Release;
		};
		009F435D1E7D26D30085C680 /* Debug */ = {
			isa = XCBuildConfiguration;
			buildSettings = {
				ALWAYS_EMBED_SWIFT_STANDARD_LIBRARIES = YES;
				BUNDLE_LOADER = "$(TEST_HOST)";
				INFOPLIST_FILE = ContactTonesTests/Info.plist;
				LD_RUNPATH_SEARCH_PATHS = "$(inherited) @executable_path/Frameworks @loader_path/Frameworks";
				PRODUCT_BUNDLE_IDENTIFIER = com.deepak.ContactTonesTests;
				PRODUCT_NAME = "$(TARGET_NAME)";
				SWIFT_VERSION = 3.0;
				TEST_HOST = "$(BUILT_PRODUCTS_DIR)/ContactTones.app/ContactTones";
			};
			name = Debug;
		};
		009F435E1E7D26D30085C680 /* Release */ = {
			isa = XCBuildConfiguration;
			buildSettings = {
				ALWAYS_EMBED_SWIFT_STANDARD_LIBRARIES = YES;
				BUNDLE_LOADER = "$(TEST_HOST)";
				INFOPLIST_FILE = ContactTonesTests/Info.plist;
				LD_RUNPATH_SEARCH_PATHS = "$(inherited) @executable_path/Frameworks @loader_path/Frameworks";
				PRODUCT_BUNDLE_IDENTIFIER = com.deepak.ContactTonesTests;
				PRODUCT_NAME = "$(TARGET_NAME)";
				SWIFT_VERSION = 3.0;
				TEST_HOST = "$(BUILT_PRODUCTS_DIR)/ContactTones.app/ContactTones";
			};
			name = Release;
		};
		009F43601E7D26D30085C680 /* Debug */ = {
			isa = XCBuildConfiguration;
			buildSettings = {
				ALWAYS_EMBED_SWIFT_STANDARD_LIBRARIES = YES;
				INFOPLIST_FILE = ContactTonesUITests/Info.plist;
				LD_RUNPATH_SEARCH_PATHS = "$(inherited) @executable_path/Frameworks @loader_path/Frameworks";
				PRODUCT_BUNDLE_IDENTIFIER = com.deepak.ContactTonesUITests;
				PRODUCT_NAME = "$(TARGET_NAME)";
				SWIFT_VERSION = 3.0;
				TEST_TARGET_NAME = ContactTones;
			};
			name = Debug;
		};
		009F43611E7D26D30085C680 /* Release */ = {
			isa = XCBuildConfiguration;
			buildSettings = {
				ALWAYS_EMBED_SWIFT_STANDARD_LIBRARIES = YES;
				INFOPLIST_FILE = ContactTonesUITests/Info.plist;
				LD_RUNPATH_SEARCH_PATHS = "$(inherited) @executable_path/Frameworks @loader_path/Frameworks";
				PRODUCT_BUNDLE_IDENTIFIER = com.deepak.ContactTonesUITests;
				PRODUCT_NAME = "$(TARGET_NAME)";
				SWIFT_VERSION = 3.0;
				TEST_TARGET_NAME = ContactTones;
			};
			name = Release;
		};
/* End XCBuildConfiguration section */

/* Begin XCConfigurationList section */
		009F43291E7D26D30085C680 /* Build configuration list for PBXProject "ContactTones" */ = {
			isa = XCConfigurationList;
			buildConfigurations = (
				009F43571E7D26D30085C680 /* Debug */,
				009F43581E7D26D30085C680 /* Release */,
			);
			defaultConfigurationIsVisible = 0;
			defaultConfigurationName = Release;
		};
		009F43591E7D26D30085C680 /* Build configuration list for PBXNativeTarget "ContactTones" */ = {
			isa = XCConfigurationList;
			buildConfigurations = (
				009F435A1E7D26D30085C680 /* Debug */,
				009F435B1E7D26D30085C680 /* Release */,
			);
			defaultConfigurationIsVisible = 0;
		};
		009F435C1E7D26D30085C680 /* Build configuration list for PBXNativeTarget "ContactTonesTests" */ = {
			isa = XCConfigurationList;
			buildConfigurations = (
				009F435D1E7D26D30085C680 /* Debug */,
				009F435E1E7D26D30085C680 /* Release */,
			);
			defaultConfigurationIsVisible = 0;
		};
		009F435F1E7D26D30085C680 /* Build configuration list for PBXNativeTarget "ContactTonesUITests" */ = {
			isa = XCConfigurationList;
			buildConfigurations = (
				009F43601E7D26D30085C680 /* Debug */,
				009F43611E7D26D30085C680 /* Release */,
			);
			defaultConfigurationIsVisible = 0;
		};
/* End XCConfigurationList section */

/* Begin XCVersionGroup section */
		009F43381E7D26D30085C680 /* ContactTones.xcdatamodeld */ = {
			isa = XCVersionGroup;
			children = (
				009F43391E7D26D30085C680 /* ContactTones.xcdatamodel */,
			);
			currentVersion = 009F43391E7D26D30085C680 /* ContactTones.xcdatamodel */;
			path = ContactTones.xcdatamodeld;
			sourceTree = "<group>";
			versionGroupType = wrapper.xcdatamodel;
		};
/* End XCVersionGroup section */
	};
	rootObject = 009F43261E7D26D30085C680 /* Project object */;
}
